// !$*UTF8*$!
{
	archiveVersion = 1;
	classes = {
	};
	objectVersion = 55;
	objects = {

/* Begin PBXBuildFile section */
		3E1E621A2837B3A7008CEBDE /* AppDelegate.swift in Sources */ = {isa = PBXBuildFile; fileRef = 3E1E62192837B3A7008CEBDE /* AppDelegate.swift */; };
		3E1E621C2837B3A7008CEBDE /* SceneDelegate.swift in Sources */ = {isa = PBXBuildFile; fileRef = 3E1E621B2837B3A7008CEBDE /* SceneDelegate.swift */; };
		3E1E62212837B3A7008CEBDE /* Main.storyboard in Resources */ = {isa = PBXBuildFile; fileRef = 3E1E621F2837B3A7008CEBDE /* Main.storyboard */; };
		3E1E62232837B3A8008CEBDE /* Assets.xcassets in Resources */ = {isa = PBXBuildFile; fileRef = 3E1E62222837B3A8008CEBDE /* Assets.xcassets */; };
		3E1E62262837B3A8008CEBDE /* LaunchScreen.storyboard in Resources */ = {isa = PBXBuildFile; fileRef = 3E1E62242837B3A8008CEBDE /* LaunchScreen.storyboard */; };
		3E1E62322837B681008CEBDE /* PersonTableViewController.swift in Sources */ = {isa = PBXBuildFile; fileRef = 3E1E62312837B681008CEBDE /* PersonTableViewController.swift */; };
		3E1E62352837BCD1008CEBDE /* Person.swift in Sources */ = {isa = PBXBuildFile; fileRef = 3E1E62342837BCD1008CEBDE /* Person.swift */; };
		3E1E62372837D895008CEBDE /* PersonDetailsViewController.swift in Sources */ = {isa = PBXBuildFile; fileRef = 3E1E62362837D895008CEBDE /* PersonDetailsViewController.swift */; };
		3E1E62392837DF51008CEBDE /* DataManager.swift in Sources */ = {isa = PBXBuildFile; fileRef = 3E1E62382837DF51008CEBDE /* DataManager.swift */; };
		3E471A612838F452002C5A30 /* PersonAdvancedViewController.swift in Sources */ = {isa = PBXBuildFile; fileRef = 3E471A602838F452002C5A30 /* PersonAdvancedViewController.swift */; };
		3E471A632838FC0C002C5A30 /* TabBarViewController.swift in Sources */ = {isa = PBXBuildFile; fileRef = 3E471A622838FC0C002C5A30 /* TabBarViewController.swift */; };
/* End PBXBuildFile section */

/* Begin PBXFileReference section */
		3E1E62162837B3A7008CEBDE /* ContactList.app */ = {isa = PBXFileReference; explicitFileType = wrapper.application; includeInIndex = 0; path = ContactList.app; sourceTree = BUILT_PRODUCTS_DIR; };
		3E1E62192837B3A7008CEBDE /* AppDelegate.swift */ = {isa = PBXFileReference; lastKnownFileType = sourcecode.swift; path = AppDelegate.swift; sourceTree = "<group>"; };
		3E1E621B2837B3A7008CEBDE /* SceneDelegate.swift */ = {isa = PBXFileReference; lastKnownFileType = sourcecode.swift; path = SceneDelegate.swift; sourceTree = "<group>"; };
		3E1E62202837B3A7008CEBDE /* Base */ = {isa = PBXFileReference; lastKnownFileType = file.storyboard; name = Base; path = Base.lproj/Main.storyboard; sourceTree = "<group>"; };
		3E1E62222837B3A8008CEBDE /* Assets.xcassets */ = {isa = PBXFileReference; lastKnownFileType = folder.assetcatalog; path = Assets.xcassets; sourceTree = "<group>"; };
		3E1E62252837B3A8008CEBDE /* Base */ = {isa = PBXFileReference; lastKnownFileType = file.storyboard; name = Base; path = Base.lproj/LaunchScreen.storyboard; sourceTree = "<group>"; };
		3E1E62272837B3A8008CEBDE /* Info.plist */ = {isa = PBXFileReference; lastKnownFileType = text.plist.xml; path = Info.plist; sourceTree = "<group>"; };
		3E1E62312837B681008CEBDE /* PersonTableViewController.swift */ = {isa = PBXFileReference; lastKnownFileType = sourcecode.swift; path = PersonTableViewController.swift; sourceTree = "<group>"; };
		3E1E62342837BCD1008CEBDE /* Person.swift */ = {isa = PBXFileReference; lastKnownFileType = sourcecode.swift; path = Person.swift; sourceTree = "<group>"; };
		3E1E62362837D895008CEBDE /* PersonDetailsViewController.swift */ = {isa = PBXFileReference; lastKnownFileType = sourcecode.swift; path = PersonDetailsViewController.swift; sourceTree = "<group>"; };
		3E1E62382837DF51008CEBDE /* DataManager.swift */ = {isa = PBXFileReference; lastKnownFileType = sourcecode.swift; path = DataManager.swift; sourceTree = "<group>"; };
		3E471A602838F452002C5A30 /* PersonAdvancedViewController.swift */ = {isa = PBXFileReference; lastKnownFileType = sourcecode.swift; path = PersonAdvancedViewController.swift; sourceTree = "<group>"; };
		3E471A622838FC0C002C5A30 /* TabBarViewController.swift */ = {isa = PBXFileReference; lastKnownFileType = sourcecode.swift; path = TabBarViewController.swift; sourceTree = "<group>"; };
/* End PBXFileReference section */

/* Begin PBXFrameworksBuildPhase section */
		3E1E62132837B3A7008CEBDE /* Frameworks */ = {
			isa = PBXFrameworksBuildPhase;
			buildActionMask = 2147483647;
			files = (
			);
			runOnlyForDeploymentPostprocessing = 0;
		};
/* End PBXFrameworksBuildPhase section */

/* Begin PBXGroup section */
		3E1E620D2837B3A7008CEBDE = {
			isa = PBXGroup;
			children = (
				3E1E62182837B3A7008CEBDE /* ContactList */,
				3E1E62172837B3A7008CEBDE /* Products */,
			);
			sourceTree = "<group>";
		};
		3E1E62172837B3A7008CEBDE /* Products */ = {
			isa = PBXGroup;
			children = (
				3E1E62162837B3A7008CEBDE /* ContactList.app */,
			);
			name = Products;
			sourceTree = "<group>";
		};
		3E1E62182837B3A7008CEBDE /* ContactList */ = {
			isa = PBXGroup;
			children = (
				3E1E622D2837B3DB008CEBDE /* ViewControllers */,
				3E1E622E2837B3ED008CEBDE /* Storyboards */,
				3E1E62332837BCB6008CEBDE /* Models */,
				3E1E622F2837B40F008CEBDE /* Resources */,
				3E1E62302837B438008CEBDE /* Apps */,
			);
			path = ContactList;
			sourceTree = "<group>";
		};
		3E1E622D2837B3DB008CEBDE /* ViewControllers */ = {
			isa = PBXGroup;
			children = (
				3E1E62312837B681008CEBDE /* PersonTableViewController.swift */,
				3E1E62362837D895008CEBDE /* PersonDetailsViewController.swift */,
				3E471A602838F452002C5A30 /* PersonAdvancedViewController.swift */,
				3E471A622838FC0C002C5A30 /* TabBarViewController.swift */,
			);
			path = ViewControllers;
			sourceTree = "<group>";
		};
		3E1E622E2837B3ED008CEBDE /* Storyboards */ = {
			isa = PBXGroup;
			children = (
				3E1E621F2837B3A7008CEBDE /* Main.storyboard */,
				3E1E62242837B3A8008CEBDE /* LaunchScreen.storyboard */,
			);
			path = Storyboards;
			sourceTree = "<group>";
		};
		3E1E622F2837B40F008CEBDE /* Resources */ = {
			isa = PBXGroup;
			children = (
				3E1E62222837B3A8008CEBDE /* Assets.xcassets */,
				3E1E62382837DF51008CEBDE /* DataManager.swift */,
			);
			path = Resources;
			sourceTree = "<group>";
		};
		3E1E62302837B438008CEBDE /* Apps */ = {
			isa = PBXGroup;
			children = (
				3E1E62192837B3A7008CEBDE /* AppDelegate.swift */,
				3E1E621B2837B3A7008CEBDE /* SceneDelegate.swift */,
				3E1E62272837B3A8008CEBDE /* Info.plist */,
			);
			path = Apps;
			sourceTree = "<group>";
		};
		3E1E62332837BCB6008CEBDE /* Models */ = {
			isa = PBXGroup;
			children = (
				3E1E62342837BCD1008CEBDE /* Person.swift */,
			);
			path = Models;
			sourceTree = "<group>";
		};
/* End PBXGroup section */

/* Begin PBXNativeTarget section */
		3E1E62152837B3A7008CEBDE /* ContactList */ = {
			isa = PBXNativeTarget;
			buildConfigurationList = 3E1E622A2837B3A8008CEBDE /* Build configuration list for PBXNativeTarget "ContactList" */;
			buildPhases = (
				3E1E62122837B3A7008CEBDE /* Sources */,
				3E1E62132837B3A7008CEBDE /* Frameworks */,
				3E1E62142837B3A7008CEBDE /* Resources */,
			);
			buildRules = (
			);
			dependencies = (
			);
			name = ContactList;
			productName = ContactList;
			productReference = 3E1E62162837B3A7008CEBDE /* ContactList.app */;
			productType = "com.apple.product-type.application";
		};
/* End PBXNativeTarget section */

/* Begin PBXProject section */
		3E1E620E2837B3A7008CEBDE /* Project object */ = {
			isa = PBXProject;
			attributes = {
				BuildIndependentTargetsInParallel = 1;
				LastSwiftUpdateCheck = 1330;
				LastUpgradeCheck = 1330;
				TargetAttributes = {
					3E1E62152837B3A7008CEBDE = {
						CreatedOnToolsVersion = 13.3.1;
					};
				};
			};
			buildConfigurationList = 3E1E62112837B3A7008CEBDE /* Build configuration list for PBXProject "ContactList" */;
			compatibilityVersion = "Xcode 13.0";
			developmentRegion = en;
			hasScannedForEncodings = 0;
			knownRegions = (
				en,
				Base,
			);
			mainGroup = 3E1E620D2837B3A7008CEBDE;
			productRefGroup = 3E1E62172837B3A7008CEBDE /* Products */;
			projectDirPath = "";
			projectRoot = "";
			targets = (
				3E1E62152837B3A7008CEBDE /* ContactList */,
			);
		};
/* End PBXProject section */

/* Begin PBXResourcesBuildPhase section */
		3E1E62142837B3A7008CEBDE /* Resources */ = {
			isa = PBXResourcesBuildPhase;
			buildActionMask = 2147483647;
			files = (
				3E1E62262837B3A8008CEBDE /* LaunchScreen.storyboard in Resources */,
				3E1E62232837B3A8008CEBDE /* Assets.xcassets in Resources */,
				3E1E62212837B3A7008CEBDE /* Main.storyboard in Resources */,
			);
			runOnlyForDeploymentPostprocessing = 0;
		};
/* End PBXResourcesBuildPhase section */

/* Begin PBXSourcesBuildPhase section */
		3E1E62122837B3A7008CEBDE /* Sources */ = {
			isa = PBXSourcesBuildPhase;
			buildActionMask = 2147483647;
			files = (
				3E1E62372837D895008CEBDE /* PersonDetailsViewController.swift in Sources */,
				3E1E62392837DF51008CEBDE /* DataManager.swift in Sources */,
				3E1E62322837B681008CEBDE /* PersonTableViewController.swift in Sources */,
				3E471A632838FC0C002C5A30 /* TabBarViewController.swift in Sources */,
				3E1E621A2837B3A7008CEBDE /* AppDelegate.swift in Sources */,
				3E471A612838F452002C5A30 /* PersonAdvancedViewController.swift in Sources */,
				3E1E62352837BCD1008CEBDE /* Person.swift in Sources */,
				3E1E621C2837B3A7008CEBDE /* SceneDelegate.swift in Sources */,
			);
			runOnlyForDeploymentPostprocessing = 0;
		};
/* End PBXSourcesBuildPhase section */

/* Begin PBXVariantGroup section */
		3E1E621F2837B3A7008CEBDE /* Main.storyboard */ = {
			isa = PBXVariantGroup;
			children = (
				3E1E62202837B3A7008CEBDE /* Base */,
			);
			name = Main.storyboard;
			sourceTree = "<group>";
		};
		3E1E62242837B3A8008CEBDE /* LaunchScreen.storyboard */ = {
			isa = PBXVariantGroup;
			children = (
				3E1E62252837B3A8008CEBDE /* Base */,
			);
			name = LaunchScreen.storyboard;
			sourceTree = "<group>";
		};
/* End PBXVariantGroup section */

/* Begin XCBuildConfiguration section */
		3E1E62282837B3A8008CEBDE /* Debug */ = {
			isa = XCBuildConfiguration;
			buildSettings = {
				ALWAYS_SEARCH_USER_PATHS = NO;
				CLANG_ANALYZER_NONNULL = YES;
				CLANG_ANALYZER_NUMBER_OBJECT_CONVERSION = YES_AGGRESSIVE;
				CLANG_CXX_LANGUAGE_STANDARD = "gnu++17";
				CLANG_ENABLE_MODULES = YES;
				CLANG_ENABLE_OBJC_ARC = YES;
				CLANG_ENABLE_OBJC_WEAK = YES;
				CLANG_WARN_BLOCK_CAPTURE_AUTORELEASING = YES;
				CLANG_WARN_BOOL_CONVERSION = YES;
				CLANG_WARN_COMMA = YES;
				CLANG_WARN_CONSTANT_CONVERSION = YES;
				CLANG_WARN_DEPRECATED_OBJC_IMPLEMENTATIONS = YES;
				CLANG_WARN_DIRECT_OBJC_ISA_USAGE = YES_ERROR;
				CLANG_WARN_DOCUMENTATION_COMMENTS = YES;
				CLANG_WARN_EMPTY_BODY = YES;
				CLANG_WARN_ENUM_CONVERSION = YES;
				CLANG_WARN_INFINITE_RECURSION = YES;
				CLANG_WARN_INT_CONVERSION = YES;
				CLANG_WARN_NON_LITERAL_NULL_CONVERSION = YES;
				CLANG_WARN_OBJC_IMPLICIT_RETAIN_SELF = YES;
				CLANG_WARN_OBJC_LITERAL_CONVERSION = YES;
				CLANG_WARN_OBJC_ROOT_CLASS = YES_ERROR;
				CLANG_WARN_QUOTED_INCLUDE_IN_FRAMEWORK_HEADER = YES;
				CLANG_WARN_RANGE_LOOP_ANALYSIS = YES;
				CLANG_WARN_STRICT_PROTOTYPES = YES;
				CLANG_WARN_SUSPICIOUS_MOVE = YES;
				CLANG_WARN_UNGUARDED_AVAILABILITY = YES_AGGRESSIVE;
				CLANG_WARN_UNREACHABLE_CODE = YES;
				CLANG_WARN__DUPLICATE_METHOD_MATCH = YES;
				COPY_PHASE_STRIP = NO;
				DEBUG_INFORMATION_FORMAT = dwarf;
				ENABLE_STRICT_OBJC_MSGSEND = YES;
				ENABLE_TESTABILITY = YES;
				GCC_C_LANGUAGE_STANDARD = gnu11;
				GCC_DYNAMIC_NO_PIC = NO;
				GCC_NO_COMMON_BLOCKS = YES;
				GCC_OPTIMIZATION_LEVEL = 0;
				GCC_PREPROCESSOR_DEFINITIONS = (
					"DEBUG=1",
					"$(inherited)",
				);
				GCC_WARN_64_TO_32_BIT_CONVERSION = YES;
				GCC_WARN_ABOUT_RETURN_TYPE = YES_ERROR;
				GCC_WARN_UNDECLARED_SELECTOR = YES;
				GCC_WARN_UNINITIALIZED_AUTOS = YES_AGGRESSIVE;
				GCC_WARN_UNUSED_FUNCTION = YES;
				GCC_WARN_UNUSED_VARIABLE = YES;
				IPHONEOS_DEPLOYMENT_TARGET = 15.4;
				MTL_ENABLE_DEBUG_INFO = INCLUDE_SOURCE;
				MTL_FAST_MATH = YES;
				ONLY_ACTIVE_ARCH = YES;
				SDKROOT = iphoneos;
				SWIFT_ACTIVE_COMPILATION_CONDITIONS = DEBUG;
				SWIFT_OPTIMIZATION_LEVEL = "-Onone";
			};
			name = Debug;
		};
		3E1E62292837B3A8008CEBDE /* Release */ = {
			isa = XCBuildConfiguration;
			buildSettings = {
				ALWAYS_SEARCH_USER_PATHS = NO;
				CLANG_ANALYZER_NONNULL = YES;
				CLANG_ANALYZER_NUMBER_OBJECT_CONVERSION = YES_AGGRESSIVE;
				CLANG_CXX_LANGUAGE_STANDARD = "gnu++17";
				CLANG_ENABLE_MODULES = YES;
				CLANG_ENABLE_OBJC_ARC = YES;
				CLANG_ENABLE_OBJC_WEAK = YES;
				CLANG_WARN_BLOCK_CAPTURE_AUTORELEASING = YES;
				CLANG_WARN_BOOL_CONVERSION = YES;
				CLANG_WARN_COMMA = YES;
				CLANG_WARN_CONSTANT_CONVERSION = YES;
				CLANG_WARN_DEPRECATED_OBJC_IMPLEMENTATIONS = YES;
				CLANG_WARN_DIRECT_OBJC_ISA_USAGE = YES_ERROR;
				CLANG_WARN_DOCUMENTATION_COMMENTS = YES;
				CLANG_WARN_EMPTY_BODY = YES;
				CLANG_WARN_ENUM_CONVERSION = YES;
				CLANG_WARN_INFINITE_RECURSION = YES;
				CLANG_WARN_INT_CONVERSION = YES;
				CLANG_WARN_NON_LITERAL_NULL_CONVERSION = YES;
				CLANG_WARN_OBJC_IMPLICIT_RETAIN_SELF = YES;
				CLANG_WARN_OBJC_LITERAL_CONVERSION = YES;
				CLANG_WARN_OBJC_ROOT_CLASS = YES_ERROR;
				CLANG_WARN_QUOTED_INCLUDE_IN_FRAMEWORK_HEADER = YES;
				CLANG_WARN_RANGE_LOOP_ANALYSIS = YES;
				CLANG_WARN_STRICT_PROTOTYPES = YES;
				CLANG_WARN_SUSPICIOUS_MOVE = YES;
				CLANG_WARN_UNGUARDED_AVAILABILITY = YES_AGGRESSIVE;
				CLANG_WARN_UNREACHABLE_CODE = YES;
				CLANG_WARN__DUPLICATE_METHOD_MATCH = YES;
				COPY_PHASE_STRIP = NO;
				DEBUG_INFORMATION_FORMAT = "dwarf-with-dsym";
				ENABLE_NS_ASSERTIONS = NO;
				ENABLE_STRICT_OBJC_MSGSEND = YES;
				GCC_C_LANGUAGE_STANDARD = gnu11;
				GCC_NO_COMMON_BLOCKS = YES;
				GCC_WARN_64_TO_32_BIT_CONVERSION = YES;
				GCC_WARN_ABOUT_RETURN_TYPE = YES_ERROR;
				GCC_WARN_UNDECLARED_SELECTOR = YES;
				GCC_WARN_UNINITIALIZED_AUTOS = YES_AGGRESSIVE;
				GCC_WARN_UNUSED_FUNCTION = YES;
				GCC_WARN_UNUSED_VARIABLE = YES;
				IPHONEOS_DEPLOYMENT_TARGET = 15.4;
				MTL_ENABLE_DEBUG_INFO = NO;
				MTL_FAST_MATH = YES;
				SDKROOT = iphoneos;
				SWIFT_COMPILATION_MODE = wholemodule;
				SWIFT_OPTIMIZATION_LEVEL = "-O";
				VALIDATE_PRODUCT = YES;
			};
			name = Release;
		};
		3E1E622B2837B3A8008CEBDE /* Debug */ = {
			isa = XCBuildConfiguration;
			buildSettings = {
				ASSETCATALOG_COMPILER_APPICON_NAME = AppIcon;
				ASSETCATALOG_COMPILER_GLOBAL_ACCENT_COLOR_NAME = AccentColor;
				CODE_SIGN_STYLE = Automatic;
				CURRENT_PROJECT_VERSION = 1;
				DEVELOPMENT_TEAM = YQHRAS38BD;
				GENERATE_INFOPLIST_FILE = YES;
				INFOPLIST_FILE = ContactList/apps/Info.plist;
				INFOPLIST_KEY_UIApplicationSupportsIndirectInputEvents = YES;
				INFOPLIST_KEY_UILaunchStoryboardName = LaunchScreen;
				INFOPLIST_KEY_UIMainStoryboardFile = Main;
				INFOPLIST_KEY_UISupportedInterfaceOrientations_iPad = "UIInterfaceOrientationPortrait UIInterfaceOrientationPortraitUpsideDown UIInterfaceOrientationLandscapeLeft UIInterfaceOrientationLandscapeRight";
				INFOPLIST_KEY_UISupportedInterfaceOrientations_iPhone = "UIInterfaceOrientationPortrait UIInterfaceOrientationLandscapeLeft UIInterfaceOrientationLandscapeRight";
				LD_RUNPATH_SEARCH_PATHS = (
					"$(inherited)",
					"@executable_path/Frameworks",
				);
				MARKETING_VERSION = 1.0;
				PRODUCT_BUNDLE_IDENTIFIER = "ru.av-studio.ContactList";
				PRODUCT_NAME = "$(TARGET_NAME)";
				SWIFT_EMIT_LOC_STRINGS = YES;
				SWIFT_VERSION = 5.0;
				TARGETED_DEVICE_FAMILY = 1;
			};
			name = Debug;
		};
		3E1E622C2837B3A8008CEBDE /* Release */ = {
			isa = XCBuildConfiguration;
			buildSettings = {
				ASSETCATALOG_COMPILER_APPICON_NAME = AppIcon;
				ASSETCATALOG_COMPILER_GLOBAL_ACCENT_COLOR_NAME = AccentColor;
				CODE_SIGN_STYLE = Automatic;
				CURRENT_PROJECT_VERSION = 1;
				DEVELOPMENT_TEAM = YQHRAS38BD;
				GENERATE_INFOPLIST_FILE = YES;
				INFOPLIST_FILE = ContactList/apps/Info.plist;
				INFOPLIST_KEY_UIApplicationSupportsIndirectInputEvents = YES;
				INFOPLIST_KEY_UILaunchStoryboardName = LaunchScreen;
				INFOPLIST_KEY_UIMainStoryboardFile = Main;
				INFOPLIST_KEY_UISupportedInterfaceOrientations_iPad = "UIInterfaceOrientationPortrait UIInterfaceOrientationPortraitUpsideDown UIInterfaceOrientationLandscapeLeft UIInterfaceOrientationLandscapeRight";
				INFOPLIST_KEY_UISupportedInterfaceOrientations_iPhone = "UIInterfaceOrientationPortrait UIInterfaceOrientationLandscapeLeft UIInterfaceOrientationLandscapeRight";
				LD_RUNPATH_SEARCH_PATHS = (
					"$(inherited)",
					"@executable_path/Frameworks",
				);
				MARKETING_VERSION = 1.0;
				PRODUCT_BUNDLE_IDENTIFIER = "ru.av-studio.ContactList";
				PRODUCT_NAME = "$(TARGET_NAME)";
				SWIFT_EMIT_LOC_STRINGS = YES;
				SWIFT_VERSION = 5.0;
				TARGETED_DEVICE_FAMILY = 1;
			};
			name = Release;
		};
/* End XCBuildConfiguration section */

/* Begin XCConfigurationList section */
		3E1E62112837B3A7008CEBDE /* Build configuration list for PBXProject "ContactList" */ = {
			isa = XCConfigurationList;
			buildConfigurations = (
				3E1E62282837B3A8008CEBDE /* Debug */,
				3E1E62292837B3A8008CEBDE /* Release */,
			);
			defaultConfigurationIsVisible = 0;
			defaultConfigurationName = Release;
		};
		3E1E622A2837B3A8008CEBDE /* Build configuration list for PBXNativeTarget "ContactList" */ = {
			isa = XCConfigurationList;
			buildConfigurations = (
				3E1E622B2837B3A8008CEBDE /* Debug */,
				3E1E622C2837B3A8008CEBDE /* Release */,
			);
			defaultConfigurationIsVisible = 0;
			defaultConfigurationName = Release;
		};
/* End XCConfigurationList section */
	};
	rootObject = 3E1E620E2837B3A7008CEBDE /* Project object */;
}
